// !$*UTF8*$!
{
	archiveVersion = 1;
	classes = {
	};
	objectVersion = 46;
	objects = {

/* Begin PBXBuildFile section */
		19C58DDF1D33BCEC00C89BFA /* main.m in Sources */ = {isa = PBXBuildFile; fileRef = 19C58DDE1D33BCEC00C89BFA /* main.m */; };
		19C58DE21D33BCEC00C89BFA /* AppDelegate.m in Sources */ = {isa = PBXBuildFile; fileRef = 19C58DE11D33BCEC00C89BFA /* AppDelegate.m */; };
		19C58DE51D33BCEC00C89BFA /* ViewController.m in Sources */ = {isa = PBXBuildFile; fileRef = 19C58DE41D33BCEC00C89BFA /* ViewController.m */; };
		19C58DE81D33BCEC00C89BFA /* Main.storyboard in Resources */ = {isa = PBXBuildFile; fileRef = 19C58DE61D33BCEC00C89BFA /* Main.storyboard */; };
		19C58DEA1D33BCEC00C89BFA /* Assets.xcassets in Resources */ = {isa = PBXBuildFile; fileRef = 19C58DE91D33BCEC00C89BFA /* Assets.xcassets */; };
		19C58DED1D33BCEC00C89BFA /* LaunchScreen.storyboard in Resources */ = {isa = PBXBuildFile; fileRef = 19C58DEB1D33BCEC00C89BFA /* LaunchScreen.storyboard */; };
		19C58DF71D33C77300C89BFA /* ALWebOperation.m in Sources */ = {isa = PBXBuildFile; fileRef = 19C58DF61D33C77300C89BFA /* ALWebOperation.m */; };
		19C58DFA1D33CF3000C89BFA /* ALFindCharacterOperation.m in Sources */ = {isa = PBXBuildFile; fileRef = 19C58DF91D33CF3000C89BFA /* ALFindCharacterOperation.m */; };
		19C58DFD1D33D2F700C89BFA /* ALFindRepeatingCharacterOperation.m in Sources */ = {isa = PBXBuildFile; fileRef = 19C58DFC1D33D2F700C89BFA /* ALFindRepeatingCharacterOperation.m */; };
		19C58E001D33D4F200C89BFA /* ALWordCountOperation.m in Sources */ = {isa = PBXBuildFile; fileRef = 19C58DFF1D33D4F200C89BFA /* ALWordCountOperation.m */; };
/* End PBXBuildFile section */

/* Begin PBXFileReference section */
		19C58DDA1D33BCEC00C89BFA /* TrueCallerChallenge.app */ = {isa = PBXFileReference; explicitFileType = wrapper.application; includeInIndex = 0; path = TrueCallerChallenge.app; sourceTree = BUILT_PRODUCTS_DIR; };
		19C58DDE1D33BCEC00C89BFA /* main.m */ = {isa = PBXFileReference; lastKnownFileType = sourcecode.c.objc; path = main.m; sourceTree = "<group>"; };
		19C58DE01D33BCEC00C89BFA /* AppDelegate.h */ = {isa = PBXFileReference; lastKnownFileType = sourcecode.c.h; path = AppDelegate.h; sourceTree = "<group>"; };
		19C58DE11D33BCEC00C89BFA /* AppDelegate.m */ = {isa = PBXFileReference; lastKnownFileType = sourcecode.c.objc; path = AppDelegate.m; sourceTree = "<group>"; };
		19C58DE31D33BCEC00C89BFA /* ViewController.h */ = {isa = PBXFileReference; lastKnownFileType = sourcecode.c.h; path = ViewController.h; sourceTree = "<group>"; };
		19C58DE41D33BCEC00C89BFA /* ViewController.m */ = {isa = PBXFileReference; lastKnownFileType = sourcecode.c.objc; path = ViewController.m; sourceTree = "<group>"; };
		19C58DE71D33BCEC00C89BFA /* Base */ = {isa = PBXFileReference; lastKnownFileType = file.storyboard; name = Base; path = Base.lproj/Main.storyboard; sourceTree = "<group>"; };
		19C58DE91D33BCEC00C89BFA /* Assets.xcassets */ = {isa = PBXFileReference; lastKnownFileType = folder.assetcatalog; path = Assets.xcassets; sourceTree = "<group>"; };
		19C58DEC1D33BCEC00C89BFA /* Base */ = {isa = PBXFileReference; lastKnownFileType = file.storyboard; name = Base; path = Base.lproj/LaunchScreen.storyboard; sourceTree = "<group>"; };
		19C58DEE1D33BCEC00C89BFA /* Info.plist */ = {isa = PBXFileReference; lastKnownFileType = text.plist.xml; path = Info.plist; sourceTree = "<group>"; };
		19C58DF51D33C77300C89BFA /* ALWebOperation.h */ = {isa = PBXFileReference; fileEncoding = 4; lastKnownFileType = sourcecode.c.h; name = ALWebOperation.h; path = Task/ALWebOperation.h; sourceTree = "<group>"; };
		19C58DF61D33C77300C89BFA /* ALWebOperation.m */ = {isa = PBXFileReference; fileEncoding = 4; lastKnownFileType = sourcecode.c.objc; name = ALWebOperation.m; path = Task/ALWebOperation.m; sourceTree = "<group>"; };
		19C58DF81D33CF3000C89BFA /* ALFindCharacterOperation.h */ = {isa = PBXFileReference; fileEncoding = 4; lastKnownFileType = sourcecode.c.h; name = ALFindCharacterOperation.h; path = Task/ALFindCharacterOperation.h; sourceTree = "<group>"; };
		19C58DF91D33CF3000C89BFA /* ALFindCharacterOperation.m */ = {isa = PBXFileReference; fileEncoding = 4; lastKnownFileType = sourcecode.c.objc; name = ALFindCharacterOperation.m; path = Task/ALFindCharacterOperation.m; sourceTree = "<group>"; };
		19C58DFB1D33D2F700C89BFA /* ALFindRepeatingCharacterOperation.h */ = {isa = PBXFileReference; fileEncoding = 4; lastKnownFileType = sourcecode.c.h; name = ALFindRepeatingCharacterOperation.h; path = Task/ALFindRepeatingCharacterOperation.h; sourceTree = "<group>"; };
		19C58DFC1D33D2F700C89BFA /* ALFindRepeatingCharacterOperation.m */ = {isa = PBXFileReference; fileEncoding = 4; lastKnownFileType = sourcecode.c.objc; name = ALFindRepeatingCharacterOperation.m; path = Task/ALFindRepeatingCharacterOperation.m; sourceTree = "<group>"; };
		19C58DFE1D33D4F200C89BFA /* ALWordCountOperation.h */ = {isa = PBXFileReference; fileEncoding = 4; lastKnownFileType = sourcecode.c.h; name = ALWordCountOperation.h; path = Task/ALWordCountOperation.h; sourceTree = "<group>"; };
		19C58DFF1D33D4F200C89BFA /* ALWordCountOperation.m */ = {isa = PBXFileReference; fileEncoding = 4; lastKnownFileType = sourcecode.c.objc; name = ALWordCountOperation.m; path = Task/ALWordCountOperation.m; sourceTree = "<group>"; };
/* End PBXFileReference section */

/* Begin PBXFrameworksBuildPhase section */
		19C58DD71D33BCEC00C89BFA /* Frameworks */ = {
			isa = PBXFrameworksBuildPhase;
			buildActionMask = 2147483647;
			files = (
			);
			runOnlyForDeploymentPostprocessing = 0;
		};
/* End PBXFrameworksBuildPhase section */

/* Begin PBXGroup section */
		19C58DD11D33BCEC00C89BFA = {
			isa = PBXGroup;
			children = (
				19C58DDC1D33BCEC00C89BFA /* TrueCallerChallenge */,
				19C58DDB1D33BCEC00C89BFA /* Products */,
			);
			sourceTree = "<group>";
		};
		19C58DDB1D33BCEC00C89BFA /* Products */ = {
			isa = PBXGroup;
			children = (
				19C58DDA1D33BCEC00C89BFA /* TrueCallerChallenge.app */,
			);
			name = Products;
			sourceTree = "<group>";
		};
		19C58DDC1D33BCEC00C89BFA /* TrueCallerChallenge */ = {
			isa = PBXGroup;
			children = (
				19C58DF41D33C6B200C89BFA /* Tasks */,
				19C58DE01D33BCEC00C89BFA /* AppDelegate.h */,
				19C58DE11D33BCEC00C89BFA /* AppDelegate.m */,
				19C58DE31D33BCEC00C89BFA /* ViewController.h */,
				19C58DE41D33BCEC00C89BFA /* ViewController.m */,
				19C58DE61D33BCEC00C89BFA /* Main.storyboard */,
				19C58DE91D33BCEC00C89BFA /* Assets.xcassets */,
				19C58DEB1D33BCEC00C89BFA /* LaunchScreen.storyboard */,
				19C58DEE1D33BCEC00C89BFA /* Info.plist */,
				19C58DDD1D33BCEC00C89BFA /* Supporting Files */,
			);
			path = TrueCallerChallenge;
			sourceTree = "<group>";
		};
		19C58DDD1D33BCEC00C89BFA /* Supporting Files */ = {
			isa = PBXGroup;
			children = (
				19C58DDE1D33BCEC00C89BFA /* main.m */,
			);
			name = "Supporting Files";
			sourceTree = "<group>";
		};
		19C58DF41D33C6B200C89BFA /* Tasks */ = {
			isa = PBXGroup;
			children = (
				19C58DF51D33C77300C89BFA /* ALWebOperation.h */,
				19C58DF61D33C77300C89BFA /* ALWebOperation.m */,
				19C58DF81D33CF3000C89BFA /* ALFindCharacterOperation.h */,
				19C58DF91D33CF3000C89BFA /* ALFindCharacterOperation.m */,
				19C58DFB1D33D2F700C89BFA /* ALFindRepeatingCharacterOperation.h */,
				19C58DFC1D33D2F700C89BFA /* ALFindRepeatingCharacterOperation.m */,
				19C58DFE1D33D4F200C89BFA /* ALWordCountOperation.h */,
				19C58DFF1D33D4F200C89BFA /* ALWordCountOperation.m */,
			);
			name = Tasks;
			sourceTree = "<group>";
		};
/* End PBXGroup section */

/* Begin PBXNativeTarget section */
		19C58DD91D33BCEC00C89BFA /* TrueCallerChallenge */ = {
			isa = PBXNativeTarget;
			buildConfigurationList = 19C58DF11D33BCEC00C89BFA /* Build configuration list for PBXNativeTarget "TrueCallerChallenge" */;
			buildPhases = (
				19C58DD61D33BCEC00C89BFA /* Sources */,
				19C58DD71D33BCEC00C89BFA /* Frameworks */,
				19C58DD81D33BCEC00C89BFA /* Resources */,
			);
			buildRules = (
			);
			dependencies = (
			);
			name = TrueCallerChallenge;
			productName = TrueCallerChallenge;
			productReference = 19C58DDA1D33BCEC00C89BFA /* TrueCallerChallenge.app */;
			productType = "com.apple.product-type.application";
		};
/* End PBXNativeTarget section */

/* Begin PBXProject section */
		19C58DD21D33BCEC00C89BFA /* Project object */ = {
			isa = PBXProject;
			attributes = {
				CLASSPREFIX = AL;
				LastUpgradeCheck = 0730;
				ORGANIZATIONNAME = "Adam Lovastyik";
				TargetAttributes = {
					19C58DD91D33BCEC00C89BFA = {
						CreatedOnToolsVersion = 7.3.1;
					};
				};
			};
			buildConfigurationList = 19C58DD51D33BCEC00C89BFA /* Build configuration list for PBXProject "TrueCallerChallenge" */;
			compatibilityVersion = "Xcode 3.2";
			developmentRegion = English;
			hasScannedForEncodings = 0;
			knownRegions = (
				en,
				Base,
			);
			mainGroup = 19C58DD11D33BCEC00C89BFA;
			productRefGroup = 19C58DDB1D33BCEC00C89BFA /* Products */;
			projectDirPath = "";
			projectRoot = "";
			targets = (
				19C58DD91D33BCEC00C89BFA /* TrueCallerChallenge */,
			);
		};
/* End PBXProject section */

/* Begin PBXResourcesBuildPhase section */
		19C58DD81D33BCEC00C89BFA /* Resources */ = {
			isa = PBXResourcesBuildPhase;
			buildActionMask = 2147483647;
			files = (
				19C58DED1D33BCEC00C89BFA /* LaunchScreen.storyboard in Resources */,
				19C58DEA1D33BCEC00C89BFA /* Assets.xcassets in Resources */,
				19C58DE81D33BCEC00C89BFA /* Main.storyboard in Resources */,
			);
			runOnlyForDeploymentPostprocessing = 0;
		};
/* End PBXResourcesBuildPhase section */

/* Begin PBXSourcesBuildPhase section */
		19C58DD61D33BCEC00C89BFA /* Sources */ = {
			isa = PBXSourcesBuildPhase;
			buildActionMask = 2147483647;
			files = (
				19C58DE51D33BCEC00C89BFA /* ViewController.m in Sources */,
				19C58DFA1D33CF3000C89BFA /* ALFindCharacterOperation.m in Sources */,
				19C58DE21D33BCEC00C89BFA /* AppDelegate.m in Sources */,
				19C58DDF1D33BCEC00C89BFA /* main.m in Sources */,
				19C58E001D33D4F200C89BFA /* ALWordCountOperation.m in Sources */,
				19C58DF71D33C77300C89BFA /* ALWebOperation.m in Sources */,
				19C58DFD1D33D2F700C89BFA /* ALFindRepeatingCharacterOperation.m in Sources */,
			);
			runOnlyForDeploymentPostprocessing = 0;
		};
/* End PBXSourcesBuildPhase section */

/* Begin PBXVariantGroup section */
		19C58DE61D33BCEC00C89BFA /* Main.storyboard */ = {
			isa = PBXVariantGroup;
			children = (
				19C58DE71D33BCEC00C89BFA /* Base */,
			);
			name = Main.storyboard;
			sourceTree = "<group>";
		};
		19C58DEB1D33BCEC00C89BFA /* LaunchScreen.storyboard */ = {
			isa = PBXVariantGroup;
			children = (
				19C58DEC1D33BCEC00C89BFA /* Base */,
			);
			name = LaunchScreen.storyboard;
			sourceTree = "<group>";
		};
/* End PBXVariantGroup section */

/* Begin XCBuildConfiguration section */
		19C58DEF1D33BCEC00C89BFA /* Debug */ = {
			isa = XCBuildConfiguration;
			buildSettings = {
				ALWAYS_SEARCH_USER_PATHS = NO;
				CLANG_ANALYZER_NONNULL = YES;
				CLANG_CXX_LANGUAGE_STANDARD = "gnu++0x";
				CLANG_CXX_LIBRARY = "libc++";
				CLANG_ENABLE_MODULES = YES;
				CLANG_ENABLE_OBJC_ARC = YES;
				CLANG_WARN_BOOL_CONVERSION = YES;
				CLANG_WARN_CONSTANT_CONVERSION = YES;
				CLANG_WARN_DIRECT_OBJC_ISA_USAGE = YES_ERROR;
				CLANG_WARN_EMPTY_BODY = YES;
				CLANG_WARN_ENUM_CONVERSION = YES;
				CLANG_WARN_INT_CONVERSION = YES;
				CLANG_WARN_OBJC_ROOT_CLASS = YES_ERROR;
				CLANG_WARN_UNREACHABLE_CODE = YES;
				CLANG_WARN__DUPLICATE_METHOD_MATCH = YES;
				"CODE_SIGN_IDENTITY[sdk=iphoneos*]" = "iPhone Developer";
				COPY_PHASE_STRIP = NO;
				DEBUG_INFORMATION_FORMAT = dwarf;
				ENABLE_STRICT_OBJC_MSGSEND = YES;
				ENABLE_TESTABILITY = YES;
				GCC_C_LANGUAGE_STANDARD = gnu99;
				GCC_DYNAMIC_NO_PIC = NO;
				GCC_NO_COMMON_BLOCKS = YES;
				GCC_OPTIMIZATION_LEVEL = 0;
				GCC_PREPROCESSOR_DEFINITIONS = (
					"DEBUG=1",
					"$(inherited)",
				);
				GCC_WARN_64_TO_32_BIT_CONVERSION = YES;
				GCC_WARN_ABOUT_RETURN_TYPE = YES_ERROR;
				GCC_WARN_UNDECLARED_SELECTOR = YES;
				GCC_WARN_UNINITIALIZED_AUTOS = YES_AGGRESSIVE;
				GCC_WARN_UNUSED_FUNCTION = YES;
				GCC_WARN_UNUSED_VARIABLE = YES;
				IPHONEOS_DEPLOYMENT_TARGET = 8.4;
				MTL_ENABLE_DEBUG_INFO = YES;
				ONLY_ACTIVE_ARCH = YES;
				SDKROOT = iphoneos;
				TARGETED_DEVICE_FAMILY = "1,2";
			};
			name = Debug;
		};
		19C58DF01D33BCEC00C89BFA /* Release */ = {
			isa = XCBuildConfiguration;
			buildSettings = {
				ALWAYS_SEARCH_USER_PATHS = NO;
				CLANG_ANALYZER_NONNULL = YES;
				CLANG_CXX_LANGUAGE_STANDARD = "gnu++0x";
				CLANG_CXX_LIBRARY = "libc++";
				CLANG_ENABLE_MODULES = YES;
				CLANG_ENABLE_OBJC_ARC = YES;
				CLANG_WARN_BOOL_CONVERSION = YES;
				CLANG_WARN_CONSTANT_CONVERSION = YES;
				CLANG_WARN_DIRECT_OBJC_ISA_USAGE = YES_ERROR;
				CLANG_WARN_EMPTY_BODY = YES;
				CLANG_WARN_ENUM_CONVERSION = YES;
				CLANG_WARN_INT_CONVERSION = YES;
				CLANG_WARN_OBJC_ROOT_CLASS = YES_ERROR;
				CLANG_WARN_UNREACHABLE_CODE = YES;
				CLANG_WARN__DUPLICATE_METHOD_MATCH = YES;
				"CODE_SIGN_IDENTITY[sdk=iphoneos*]" = "iPhone Developer";
				COPY_PHASE_STRIP = NO;
				DEBUG_INFORMATION_FORMAT = "dwarf-with-dsym";
				ENABLE_NS_ASSERTIONS = NO;
				ENABLE_STRICT_OBJC_MSGSEND = YES;
				GCC_C_LANGUAGE_STANDARD = gnu99;
				GCC_NO_COMMON_BLOCKS = YES;
				GCC_WARN_64_TO_32_BIT_CONVERSION = YES;
				GCC_WARN_ABOUT_RETURN_TYPE = YES_ERROR;
				GCC_WARN_UNDECLARED_SELECTOR = YES;
				GCC_WARN_UNINITIALIZED_AUTOS = YES_AGGRESSIVE;
				GCC_WARN_UNUSED_FUNCTION = YES;
				GCC_WARN_UNUSED_VARIABLE = YES;
				IPHONEOS_DEPLOYMENT_TARGET = 8.4;
				MTL_ENABLE_DEBUG_INFO = NO;
				SDKROOT = iphoneos;
				TARGETED_DEVICE_FAMILY = "1,2";
				VALIDATE_PRODUCT = YES;
			};
			name = Release;
		};
		19C58DF21D33BCEC00C89BFA /* Debug */ = {
			isa = XCBuildConfiguration;
			buildSettings = {
				ASSETCATALOG_COMPILER_APPICON_NAME = AppIcon;
				INFOPLIST_FILE = TrueCallerChallenge/Info.plist;
				LD_RUNPATH_SEARCH_PATHS = "$(inherited) @executable_path/Frameworks";
				PRODUCT_BUNDLE_IDENTIFIER = hu.lovastyik.TrueCallerChallenge;
				PRODUCT_NAME = "$(TARGET_NAME)";
			};
			name = Debug;
		};
		19C58DF31D33BCEC00C89BFA /* Release */ = {
			isa = XCBuildConfiguration;
			buildSettings = {
				ASSETCATALOG_COMPILER_APPICON_NAME = AppIcon;
				INFOPLIST_FILE = TrueCallerChallenge/Info.plist;
				LD_RUNPATH_SEARCH_PATHS = "$(inherited) @executable_path/Frameworks";
				PRODUCT_BUNDLE_IDENTIFIER = hu.lovastyik.TrueCallerChallenge;
				PRODUCT_NAME = "$(TARGET_NAME)";
			};
			name = Release;
		};
/* End XCBuildConfiguration section */

/* Begin XCConfigurationList section */
		19C58DD51D33BCEC00C89BFA /* Build configuration list for PBXProject "TrueCallerChallenge" */ = {
			isa = XCConfigurationList;
			buildConfigurations = (
				19C58DEF1D33BCEC00C89BFA /* Debug */,
				19C58DF01D33BCEC00C89BFA /* Release */,
			);
			defaultConfigurationIsVisible = 0;
			defaultConfigurationName = Release;
		};
		19C58DF11D33BCEC00C89BFA /* Build configuration list for PBXNativeTarget "TrueCallerChallenge" */ = {
			isa = XCConfigurationList;
			buildConfigurations = (
				19C58DF21D33BCEC00C89BFA /* Debug */,
				19C58DF31D33BCEC00C89BFA /* Release */,
			);
			defaultConfigurationIsVisible = 0;
		};
/* End XCConfigurationList section */
	};
	rootObject = 19C58DD21D33BCEC00C89BFA /* Project object */;
}
